
Microsoft Visual Studio Solution File, Format Version 11.00
# Visual Studio 2010
Project("{FAE04EC0-301F-11D3-BF4B-00C04F79EFBC}") = "Euclid.Framework", "src\Euclid.Framework\Euclid.Framework.csproj", "{8BA2EA0C-2220-4390-A87C-79E96E40DFD0}"
EndProject
Project("{FAE04EC0-301F-11D3-BF4B-00C04F79EFBC}") = "Euclid.Console.Web", "src\Euclid.Console.Web\Euclid.Console.Web.csproj", "{00B808BA-B466-42C3-8663-8A465997FBF0}"
EndProject
Project("{2150E333-8FDC-42A3-9474-1A3956D46DE8}") = "Framework", "Framework", "{3D4ACC8E-81CA-4738-AF65-557FA57CCF7A}"
EndProject
Project("{2150E333-8FDC-42A3-9474-1A3956D46DE8}") = "SDK", "SDK", "{7F2FB364-EDF3-4C43-B5F2-1388ADA4C9EB}"
EndProject
Project("{FAE04EC0-301F-11D3-BF4B-00C04F79EFBC}") = "Euclid.Agent", "src\Euclid.Agent\Euclid.Agent.csproj", "{4C4F2541-140C-47D6-B018-D2024F8CF4F0}"
EndProject
Project("{FAE04EC0-301F-11D3-BF4B-00C04F79EFBC}") = "Euclid.Composites", "src\Euclid.Composites\Euclid.Composites.csproj", "{12029AA6-F05C-4DC6-B76E-C3798BCAC68D}"
EndProject
Project("{2150E333-8FDC-42A3-9474-1A3956D46DE8}") = "Common", "Common", "{A2581B83-5C10-4F25-A225-0EA00448352F}"
EndProject
Project("{FAE04EC0-301F-11D3-BF4B-00C04F79EFBC}") = "Euclid.Composites.Mvc", "src\Euclid.Composites.Mvc\Euclid.Composites.Mvc.csproj", "{F0842E3B-1F25-4D42-B25D-758B8FCBDCC3}"
EndProject
Project("{2150E333-8FDC-42A3-9474-1A3956D46DE8}") = "Docs", "Docs", "{7E0C2D73-9444-48E1-847F-F7C6EB39F892}"
	ProjectSection(SolutionItems) = preProject
		readme.markdown = readme.markdown
	EndProjectSection
EndProject
Project("{FAE04EC0-301F-11D3-BF4B-00C04F79EFBC}") = "Euclid.Framework.Cqrs", "src\Euclid.Framework.Cqrs\Euclid.Framework.Cqrs.csproj", "{58D2349E-9C39-485E-861E-E337ACF186B6}"
EndProject
Project("{FAE04EC0-301F-11D3-BF4B-00C04F79EFBC}") = "Euclid.Framework.EventSourcing", "src\Euclid.Framework.EventSourcing\Euclid.Framework.EventSourcing.csproj", "{35457F8B-839A-42B5-9CAC-CDDEFC7B7515}"
EndProject
Project("{2150E333-8FDC-42A3-9474-1A3956D46DE8}") = "Tests", "Tests", "{2FCA90C0-899D-436D-B9BD-895BDD049558}"
EndProject
Project("{FAE04EC0-301F-11D3-BF4B-00C04F79EFBC}") = "Euclid.Framework.UnitTests", "tests\Euclid.Framework.UnitTests\Euclid.Framework.UnitTests.csproj", "{B66BD805-49C3-4DC8-B530-15776A68A48A}"
EndProject
Project("{FAE04EC0-301F-11D3-BF4B-00C04F79EFBC}") = "Euclid.Framework.IntegrationTests", "tests\Euclid.Framework.IntegrationTests\Euclid.Framework.IntegrationTests.csproj", "{7F5BA044-DA1D-418D-A14F-708BC69C926E}"
EndProject
Project("{FAE04EC0-301F-11D3-BF4B-00C04F79EFBC}") = "Euclid.Framework.TestingFakes", "tests\Euclid.Framework.TestingFakes\Euclid.Framework.TestingFakes.csproj", "{793DEE69-90CB-45D7-94CC-FD2D7CE59790}"
EndProject
Project("{FAE04EC0-301F-11D3-BF4B-00C04F79EFBC}") = "Euclid.Common", "src\Euclid.Common\Euclid.Common.csproj", "{F3A0C178-15D9-4E18-B673-28B80F40E665}"
EndProject
Project("{FAE04EC0-301F-11D3-BF4B-00C04F79EFBC}") = "Euclid.Common.Packaging", "src\Euclid.Common.Packaging\Euclid.Common.Packaging.csproj", "{53F086A1-EC8E-40F8-BC87-2E5B3AA778D6}"
EndProject
Project("{FAE04EC0-301F-11D3-BF4B-00C04F79EFBC}") = "Euclid.Common.Registry", "src\Euclid.Common.Registry\Euclid.Common.Registry.csproj", "{F0C8929B-718E-4360-85FF-520398DEA764}"
EndProject
Project("{FAE04EC0-301F-11D3-BF4B-00C04F79EFBC}") = "Euclid.Common.Transport", "src\Euclid.Common.Transport\Euclid.Common.Transport.csproj", "{B2D19FB7-F317-4122-93B2-F13727CE490E}"
EndProject
Project("{2150E333-8FDC-42A3-9474-1A3956D46DE8}") = "Tests", "Tests", "{5D1F1C5C-AFB9-43FC-B48D-3FCFE54F57C4}"
EndProject
Project("{FAE04EC0-301F-11D3-BF4B-00C04F79EFBC}") = "Euclid.Common.TestingFakes", "tests\Euclid.Common.TestingFakes\Euclid.Common.TestingFakes.csproj", "{B63C4D62-939A-45AB-95F2-EBFBE4B5013C}"
EndProject
Project("{FAE04EC0-301F-11D3-BF4B-00C04F79EFBC}") = "Euclid.Common.UnitTests", "tests\Euclid.Common.UnitTests\Euclid.Common.UnitTests.csproj", "{F1080594-08D8-44A7-A1FA-1AAAE608FE45}"
EndProject
Project("{FAE04EC0-301F-11D3-BF4B-00C04F79EFBC}") = "Euclid.Common.IntegrationTests", "tests\Euclid.Common.IntegrationTests\Euclid.Common.IntegrationTests.csproj", "{9D90C0A5-BD70-4DBB-A3EF-3B9D035BF41F}"
EndProject
Project("{FAE04EC0-301F-11D3-BF4B-00C04F79EFBC}") = "Euclid.Common.ServiceHost", "src\Euclid.Common.ServiceHost\Euclid.Common.ServiceHost.csproj", "{4192538D-5E42-4841-8C8F-6A2072808D41}"
EndProject
Project("{FAE04EC0-301F-11D3-BF4B-00C04F79EFBC}") = "Euclid.Common.RuntimeFabric", "src\Euclid.Common.RuntimeFabric\Euclid.Common.RuntimeFabric.csproj", "{5DA8EB8A-1E6D-4286-88BD-6C58421049F0}"
EndProject
Project("{FAE04EC0-301F-11D3-BF4B-00C04F79EFBC}") = "Euclid.Common.Storage", "src\Euclid.Common.Storage\Euclid.Common.Storage.csproj", "{9E2D08E0-0A3D-46D1-BCD6-D85ADE871118}"
EndProject
Project("{FAE04EC0-301F-11D3-BF4B-00C04F79EFBC}") = "Euclid.Common.Serialization", "src\Euclid.Common.Serialization\Euclid.Common.Serialization.csproj", "{FEDCC429-C8F4-4D31-AC3B-4284C4E08B83}"
EndProject
Global
	GlobalSection(SolutionConfigurationPlatforms) = preSolution
		Debug|Any CPU = Debug|Any CPU
		Release|Any CPU = Release|Any CPU
	EndGlobalSection
	GlobalSection(ProjectConfigurationPlatforms) = postSolution
		{8BA2EA0C-2220-4390-A87C-79E96E40DFD0}.Debug|Any CPU.ActiveCfg = Debug|Any CPU
		{8BA2EA0C-2220-4390-A87C-79E96E40DFD0}.Debug|Any CPU.Build.0 = Debug|Any CPU
		{8BA2EA0C-2220-4390-A87C-79E96E40DFD0}.Release|Any CPU.ActiveCfg = Release|Any CPU
		{8BA2EA0C-2220-4390-A87C-79E96E40DFD0}.Release|Any CPU.Build.0 = Release|Any CPU
		{00B808BA-B466-42C3-8663-8A465997FBF0}.Debug|Any CPU.ActiveCfg = Debug|Any CPU
		{00B808BA-B466-42C3-8663-8A465997FBF0}.Debug|Any CPU.Build.0 = Debug|Any CPU
		{00B808BA-B466-42C3-8663-8A465997FBF0}.Release|Any CPU.ActiveCfg = Release|Any CPU
		{00B808BA-B466-42C3-8663-8A465997FBF0}.Release|Any CPU.Build.0 = Release|Any CPU
		{4C4F2541-140C-47D6-B018-D2024F8CF4F0}.Debug|Any CPU.ActiveCfg = Debug|Any CPU
		{4C4F2541-140C-47D6-B018-D2024F8CF4F0}.Debug|Any CPU.Build.0 = Debug|Any CPU
		{4C4F2541-140C-47D6-B018-D2024F8CF4F0}.Release|Any CPU.ActiveCfg = Release|Any CPU
		{4C4F2541-140C-47D6-B018-D2024F8CF4F0}.Release|Any CPU.Build.0 = Release|Any CPU
		{12029AA6-F05C-4DC6-B76E-C3798BCAC68D}.Debug|Any CPU.ActiveCfg = Debug|Any CPU
		{12029AA6-F05C-4DC6-B76E-C3798BCAC68D}.Debug|Any CPU.Build.0 = Debug|Any CPU
		{12029AA6-F05C-4DC6-B76E-C3798BCAC68D}.Release|Any CPU.ActiveCfg = Release|Any CPU
		{12029AA6-F05C-4DC6-B76E-C3798BCAC68D}.Release|Any CPU.Build.0 = Release|Any CPU
		{F0842E3B-1F25-4D42-B25D-758B8FCBDCC3}.Debug|Any CPU.ActiveCfg = Debug|Any CPU
		{F0842E3B-1F25-4D42-B25D-758B8FCBDCC3}.Debug|Any CPU.Build.0 = Debug|Any CPU
		{F0842E3B-1F25-4D42-B25D-758B8FCBDCC3}.Release|Any CPU.ActiveCfg = Release|Any CPU
		{F0842E3B-1F25-4D42-B25D-758B8FCBDCC3}.Release|Any CPU.Build.0 = Release|Any CPU
		{58D2349E-9C39-485E-861E-E337ACF186B6}.Debug|Any CPU.ActiveCfg = Debug|Any CPU
		{58D2349E-9C39-485E-861E-E337ACF186B6}.Debug|Any CPU.Build.0 = Debug|Any CPU
		{58D2349E-9C39-485E-861E-E337ACF186B6}.Release|Any CPU.ActiveCfg = Release|Any CPU
		{58D2349E-9C39-485E-861E-E337ACF186B6}.Release|Any CPU.Build.0 = Release|Any CPU
		{35457F8B-839A-42B5-9CAC-CDDEFC7B7515}.Debug|Any CPU.ActiveCfg = Debug|Any CPU
		{35457F8B-839A-42B5-9CAC-CDDEFC7B7515}.Debug|Any CPU.Build.0 = Debug|Any CPU
		{35457F8B-839A-42B5-9CAC-CDDEFC7B7515}.Release|Any CPU.ActiveCfg = Release|Any CPU
		{35457F8B-839A-42B5-9CAC-CDDEFC7B7515}.Release|Any CPU.Build.0 = Release|Any CPU
		{B66BD805-49C3-4DC8-B530-15776A68A48A}.Debug|Any CPU.ActiveCfg = Debug|Any CPU
		{B66BD805-49C3-4DC8-B530-15776A68A48A}.Debug|Any CPU.Build.0 = Debug|Any CPU
		{B66BD805-49C3-4DC8-B530-15776A68A48A}.Release|Any CPU.ActiveCfg = Release|Any CPU
		{B66BD805-49C3-4DC8-B530-15776A68A48A}.Release|Any CPU.Build.0 = Release|Any CPU
		{7F5BA044-DA1D-418D-A14F-708BC69C926E}.Debug|Any CPU.ActiveCfg = Debug|Any CPU
		{7F5BA044-DA1D-418D-A14F-708BC69C926E}.Debug|Any CPU.Build.0 = Debug|Any CPU
		{7F5BA044-DA1D-418D-A14F-708BC69C926E}.Release|Any CPU.ActiveCfg = Release|Any CPU
		{7F5BA044-DA1D-418D-A14F-708BC69C926E}.Release|Any CPU.Build.0 = Release|Any CPU
		{793DEE69-90CB-45D7-94CC-FD2D7CE59790}.Debug|Any CPU.ActiveCfg = Debug|Any CPU
		{793DEE69-90CB-45D7-94CC-FD2D7CE59790}.Debug|Any CPU.Build.0 = Debug|Any CPU
		{793DEE69-90CB-45D7-94CC-FD2D7CE59790}.Release|Any CPU.ActiveCfg = Release|Any CPU
		{793DEE69-90CB-45D7-94CC-FD2D7CE59790}.Release|Any CPU.Build.0 = Release|Any CPU
		{F3A0C178-15D9-4E18-B673-28B80F40E665}.Debug|Any CPU.ActiveCfg = Debug|Any CPU
		{F3A0C178-15D9-4E18-B673-28B80F40E665}.Debug|Any CPU.Build.0 = Debug|Any CPU
		{F3A0C178-15D9-4E18-B673-28B80F40E665}.Release|Any CPU.ActiveCfg = Release|Any CPU
		{F3A0C178-15D9-4E18-B673-28B80F40E665}.Release|Any CPU.Build.0 = Release|Any CPU
		{53F086A1-EC8E-40F8-BC87-2E5B3AA778D6}.Debug|Any CPU.ActiveCfg = Debug|Any CPU
		{53F086A1-EC8E-40F8-BC87-2E5B3AA778D6}.Debug|Any CPU.Build.0 = Debug|Any CPU
		{53F086A1-EC8E-40F8-BC87-2E5B3AA778D6}.Release|Any CPU.ActiveCfg = Release|Any CPU
		{53F086A1-EC8E-40F8-BC87-2E5B3AA778D6}.Release|Any CPU.Build.0 = Release|Any CPU
		{F0C8929B-718E-4360-85FF-520398DEA764}.Debug|Any CPU.ActiveCfg = Debug|Any CPU
		{F0C8929B-718E-4360-85FF-520398DEA764}.Debug|Any CPU.Build.0 = Debug|Any CPU
		{F0C8929B-718E-4360-85FF-520398DEA764}.Release|Any CPU.ActiveCfg = Release|Any CPU
		{F0C8929B-718E-4360-85FF-520398DEA764}.Release|Any CPU.Build.0 = Release|Any CPU
		{B2D19FB7-F317-4122-93B2-F13727CE490E}.Debug|Any CPU.ActiveCfg = Debug|Any CPU
		{B2D19FB7-F317-4122-93B2-F13727CE490E}.Debug|Any CPU.Build.0 = Debug|Any CPU
		{B2D19FB7-F317-4122-93B2-F13727CE490E}.Release|Any CPU.ActiveCfg = Release|Any CPU
		{B2D19FB7-F317-4122-93B2-F13727CE490E}.Release|Any CPU.Build.0 = Release|Any CPU
		{B63C4D62-939A-45AB-95F2-EBFBE4B5013C}.Debug|Any CPU.ActiveCfg = Debug|Any CPU
		{B63C4D62-939A-45AB-95F2-EBFBE4B5013C}.Debug|Any CPU.Build.0 = Debug|Any CPU
		{B63C4D62-939A-45AB-95F2-EBFBE4B5013C}.Release|Any CPU.ActiveCfg = Release|Any CPU
		{B63C4D62-939A-45AB-95F2-EBFBE4B5013C}.Release|Any CPU.Build.0 = Release|Any CPU
		{F1080594-08D8-44A7-A1FA-1AAAE608FE45}.Debug|Any CPU.ActiveCfg = Debug|Any CPU
		{F1080594-08D8-44A7-A1FA-1AAAE608FE45}.Debug|Any CPU.Build.0 = Debug|Any CPU
		{F1080594-08D8-44A7-A1FA-1AAAE608FE45}.Release|Any CPU.ActiveCfg = Release|Any CPU
		{F1080594-08D8-44A7-A1FA-1AAAE608FE45}.Release|Any CPU.Build.0 = Release|Any CPU
		{9D90C0A5-BD70-4DBB-A3EF-3B9D035BF41F}.Debug|Any CPU.ActiveCfg = Debug|Any CPU
		{9D90C0A5-BD70-4DBB-A3EF-3B9D035BF41F}.Debug|Any CPU.Build.0 = Debug|Any CPU
		{9D90C0A5-BD70-4DBB-A3EF-3B9D035BF41F}.Release|Any CPU.ActiveCfg = Release|Any CPU
		{9D90C0A5-BD70-4DBB-A3EF-3B9D035BF41F}.Release|Any CPU.Build.0 = Release|Any CPU
		{4192538D-5E42-4841-8C8F-6A2072808D41}.Debug|Any CPU.ActiveCfg = Debug|Any CPU
		{4192538D-5E42-4841-8C8F-6A2072808D41}.Debug|Any CPU.Build.0 = Debug|Any CPU
		{4192538D-5E42-4841-8C8F-6A2072808D41}.Release|Any CPU.ActiveCfg = Release|Any CPU
		{4192538D-5E42-4841-8C8F-6A2072808D41}.Release|Any CPU.Build.0 = Release|Any CPU
		{5DA8EB8A-1E6D-4286-88BD-6C58421049F0}.Debug|Any CPU.ActiveCfg = Debug|Any CPU
		{5DA8EB8A-1E6D-4286-88BD-6C58421049F0}.Debug|Any CPU.Build.0 = Debug|Any CPU
		{5DA8EB8A-1E6D-4286-88BD-6C58421049F0}.Release|Any CPU.ActiveCfg = Release|Any CPU
		{5DA8EB8A-1E6D-4286-88BD-6C58421049F0}.Release|Any CPU.Build.0 = Release|Any CPU
		{9E2D08E0-0A3D-46D1-BCD6-D85ADE871118}.Debug|Any CPU.ActiveCfg = Debug|Any CPU
		{9E2D08E0-0A3D-46D1-BCD6-D85ADE871118}.Debug|Any CPU.Build.0 = Debug|Any CPU
		{9E2D08E0-0A3D-46D1-BCD6-D85ADE871118}.Release|Any CPU.ActiveCfg = Release|Any CPU
		{9E2D08E0-0A3D-46D1-BCD6-D85ADE871118}.Release|Any CPU.Build.0 = Release|Any CPU
		{FEDCC429-C8F4-4D31-AC3B-4284C4E08B83}.Debug|Any CPU.ActiveCfg = Debug|Any CPU
		{FEDCC429-C8F4-4D31-AC3B-4284C4E08B83}.Debug|Any CPU.Build.0 = Debug|Any CPU
		{FEDCC429-C8F4-4D31-AC3B-4284C4E08B83}.Release|Any CPU.ActiveCfg = Release|Any CPU
		{FEDCC429-C8F4-4D31-AC3B-4284C4E08B83}.Release|Any CPU.Build.0 = Release|Any CPU
	EndGlobalSection
	GlobalSection(SolutionProperties) = preSolution
		HideSolutionNode = FALSE
	EndGlobalSection
	GlobalSection(NestedProjects) = preSolution
		{8BA2EA0C-2220-4390-A87C-79E96E40DFD0} = {3D4ACC8E-81CA-4738-AF65-557FA57CCF7A}
		{58D2349E-9C39-485E-861E-E337ACF186B6} = {3D4ACC8E-81CA-4738-AF65-557FA57CCF7A}
		{35457F8B-839A-42B5-9CAC-CDDEFC7B7515} = {3D4ACC8E-81CA-4738-AF65-557FA57CCF7A}
		{2FCA90C0-899D-436D-B9BD-895BDD049558} = {3D4ACC8E-81CA-4738-AF65-557FA57CCF7A}
		{00B808BA-B466-42C3-8663-8A465997FBF0} = {7F2FB364-EDF3-4C43-B5F2-1388ADA4C9EB}
		{4C4F2541-140C-47D6-B018-D2024F8CF4F0} = {7F2FB364-EDF3-4C43-B5F2-1388ADA4C9EB}
		{12029AA6-F05C-4DC6-B76E-C3798BCAC68D} = {7F2FB364-EDF3-4C43-B5F2-1388ADA4C9EB}
		{F0842E3B-1F25-4D42-B25D-758B8FCBDCC3} = {7F2FB364-EDF3-4C43-B5F2-1388ADA4C9EB}
		{F3A0C178-15D9-4E18-B673-28B80F40E665} = {A2581B83-5C10-4F25-A225-0EA00448352F}
		{53F086A1-EC8E-40F8-BC87-2E5B3AA778D6} = {A2581B83-5C10-4F25-A225-0EA00448352F}
		{F0C8929B-718E-4360-85FF-520398DEA764} = {A2581B83-5C10-4F25-A225-0EA00448352F}
		{B2D19FB7-F317-4122-93B2-F13727CE490E} = {A2581B83-5C10-4F25-A225-0EA00448352F}
		{5D1F1C5C-AFB9-43FC-B48D-3FCFE54F57C4} = {A2581B83-5C10-4F25-A225-0EA00448352F}
		{4192538D-5E42-4841-8C8F-6A2072808D41} = {A2581B83-5C10-4F25-A225-0EA00448352F}
		{5DA8EB8A-1E6D-4286-88BD-6C58421049F0} = {A2581B83-5C10-4F25-A225-0EA00448352F}
		{9E2D08E0-0A3D-46D1-BCD6-D85ADE871118} = {A2581B83-5C10-4F25-A225-0EA00448352F}
		{FEDCC429-C8F4-4D31-AC3B-4284C4E08B83} = {A2581B83-5C10-4F25-A225-0EA00448352F}
		{B66BD805-49C3-4DC8-B530-15776A68A48A} = {2FCA90C0-899D-436D-B9BD-895BDD049558}
		{7F5BA044-DA1D-418D-A14F-708BC69C926E} = {2FCA90C0-899D-436D-B9BD-895BDD049558}
		{793DEE69-90CB-45D7-94CC-FD2D7CE59790} = {2FCA90C0-899D-436D-B9BD-895BDD049558}
		{B63C4D62-939A-45AB-95F2-EBFBE4B5013C} = {5D1F1C5C-AFB9-43FC-B48D-3FCFE54F57C4}
		{F1080594-08D8-44A7-A1FA-1AAAE608FE45} = {5D1F1C5C-AFB9-43FC-B48D-3FCFE54F57C4}
		{9D90C0A5-BD70-4DBB-A3EF-3B9D035BF41F} = {5D1F1C5C-AFB9-43FC-B48D-3FCFE54F57C4}
	EndGlobalSection
EndGlobal
