
Microsoft Visual Studio Solution File, Format Version 11.00
# Visual Studio 2010
Project("{FAE04EC0-301F-11D3-BF4B-00C04F79EFBC}") = "Euclid.Framework", "src\Euclid.Framework\Euclid.Framework.csproj", "{8BA2EA0C-2220-4390-A87C-79E96E40DFD0}"
EndProject
Project("{FAE04EC0-301F-11D3-BF4B-00C04F79EFBC}") = "Euclid.Console.Web", "src\Euclid.Console.Web\Euclid.Console.Web.csproj", "{00B808BA-B466-42C3-8663-8A465997FBF0}"
EndProject
Project("{2150E333-8FDC-42A3-9474-1A3956D46DE8}") = "Framework", "Framework", "{3D4ACC8E-81CA-4738-AF65-557FA57CCF7A}"
EndProject
Project("{2150E333-8FDC-42A3-9474-1A3956D46DE8}") = "Agent", "Agent", "{7F2FB364-EDF3-4C43-B5F2-1388ADA4C9EB}"
EndProject
Project("{FAE04EC0-301F-11D3-BF4B-00C04F79EFBC}") = "Euclid.Agent", "src\Euclid.Agent\Euclid.Agent.csproj", "{4C4F2541-140C-47D6-B018-D2024F8CF4F0}"
EndProject
Project("{FAE04EC0-301F-11D3-BF4B-00C04F79EFBC}") = "Euclid.Composites", "src\Euclid.Composites\Euclid.Composites.csproj", "{12029AA6-F05C-4DC6-B76E-C3798BCAC68D}"
EndProject
Project("{2150E333-8FDC-42A3-9474-1A3956D46DE8}") = "Composites", "Composites", "{A2581B83-5C10-4F25-A225-0EA00448352F}"
EndProject
Project("{FAE04EC0-301F-11D3-BF4B-00C04F79EFBC}") = "Euclid.Composites.Mvc", "src\Euclid.Composites.Mvc\Euclid.Composites.Mvc.csproj", "{F0842E3B-1F25-4D42-B25D-758B8FCBDCC3}"
EndProject
Project("{2150E333-8FDC-42A3-9474-1A3956D46DE8}") = "Docs", "Docs", "{7E0C2D73-9444-48E1-847F-F7C6EB39F892}"
	ProjectSection(SolutionItems) = preProject
		readme.markdown = readme.markdown
	EndProjectSection
EndProject
Project("{FAE04EC0-301F-11D3-BF4B-00C04F79EFBC}") = "Euclid.Framework.HostingFabric", "src\Euclid.Framework.HostingFabric\Euclid.Framework.HostingFabric.csproj", "{4192538D-5E42-4841-8C8F-6A2072808D41}"
EndProject
Project("{FAE04EC0-301F-11D3-BF4B-00C04F79EFBC}") = "Euclid.Framework.Common.Registry", "src\Euclid.Framework.Common.Registry\Euclid.Framework.Common.Registry.csproj", "{F0C8929B-718E-4360-85FF-520398DEA764}"
EndProject
Project("{FAE04EC0-301F-11D3-BF4B-00C04F79EFBC}") = "Euclid.Framework.Common.Transport", "src\Euclid.Framework.Common.Transport\Euclid.Framework.Common.Transport.csproj", "{B2D19FB7-F317-4122-93B2-F13727CE490E}"
EndProject
Project("{FAE04EC0-301F-11D3-BF4B-00C04F79EFBC}") = "Euclid.Framework.Cqrs", "src\Euclid.Framework.Cqrs\Euclid.Framework.Cqrs.csproj", "{58D2349E-9C39-485E-861E-E337ACF186B6}"
EndProject
Project("{FAE04EC0-301F-11D3-BF4B-00C04F79EFBC}") = "Euclid.Framework.EventSourcing", "src\Euclid.Framework.EventSourcing\Euclid.Framework.EventSourcing.csproj", "{35457F8B-839A-42B5-9CAC-CDDEFC7B7515}"
EndProject
Project("{2150E333-8FDC-42A3-9474-1A3956D46DE8}") = "Tests", "Tests", "{2FCA90C0-899D-436D-B9BD-895BDD049558}"
EndProject
Project("{FAE04EC0-301F-11D3-BF4B-00C04F79EFBC}") = "Euclid.Framework.HostingFabric.UnitTests", "tests\Euclid.Framework.HostingFabric.UnitTests\Euclid.Framework.HostingFabric.UnitTests.csproj", "{5097CBE8-DE7A-42B6-AC50-4070A3B56F68}"
EndProject
Project("{FAE04EC0-301F-11D3-BF4B-00C04F79EFBC}") = "Euclid.Framework.HostingFabric.IntegrationTests", "tests\Euclid.Framework.HostingFabric.IntegrationTests\Euclid.Framework.HostingFabric.IntegrationTests.csproj", "{EF7DF07F-61C4-401B-99DD-C46E0BB11B58}"
EndProject
Global
	GlobalSection(SolutionConfigurationPlatforms) = preSolution
		Debug|Any CPU = Debug|Any CPU
		Release|Any CPU = Release|Any CPU
	EndGlobalSection
	GlobalSection(ProjectConfigurationPlatforms) = postSolution
		{8BA2EA0C-2220-4390-A87C-79E96E40DFD0}.Debug|Any CPU.ActiveCfg = Debug|Any CPU
		{8BA2EA0C-2220-4390-A87C-79E96E40DFD0}.Debug|Any CPU.Build.0 = Debug|Any CPU
		{8BA2EA0C-2220-4390-A87C-79E96E40DFD0}.Release|Any CPU.ActiveCfg = Release|Any CPU
		{8BA2EA0C-2220-4390-A87C-79E96E40DFD0}.Release|Any CPU.Build.0 = Release|Any CPU
		{00B808BA-B466-42C3-8663-8A465997FBF0}.Debug|Any CPU.ActiveCfg = Debug|Any CPU
		{00B808BA-B466-42C3-8663-8A465997FBF0}.Debug|Any CPU.Build.0 = Debug|Any CPU
		{00B808BA-B466-42C3-8663-8A465997FBF0}.Release|Any CPU.ActiveCfg = Release|Any CPU
		{00B808BA-B466-42C3-8663-8A465997FBF0}.Release|Any CPU.Build.0 = Release|Any CPU
		{4C4F2541-140C-47D6-B018-D2024F8CF4F0}.Debug|Any CPU.ActiveCfg = Debug|Any CPU
		{4C4F2541-140C-47D6-B018-D2024F8CF4F0}.Debug|Any CPU.Build.0 = Debug|Any CPU
		{4C4F2541-140C-47D6-B018-D2024F8CF4F0}.Release|Any CPU.ActiveCfg = Release|Any CPU
		{4C4F2541-140C-47D6-B018-D2024F8CF4F0}.Release|Any CPU.Build.0 = Release|Any CPU
		{12029AA6-F05C-4DC6-B76E-C3798BCAC68D}.Debug|Any CPU.ActiveCfg = Debug|Any CPU
		{12029AA6-F05C-4DC6-B76E-C3798BCAC68D}.Debug|Any CPU.Build.0 = Debug|Any CPU
		{12029AA6-F05C-4DC6-B76E-C3798BCAC68D}.Release|Any CPU.ActiveCfg = Release|Any CPU
		{12029AA6-F05C-4DC6-B76E-C3798BCAC68D}.Release|Any CPU.Build.0 = Release|Any CPU
		{F0842E3B-1F25-4D42-B25D-758B8FCBDCC3}.Debug|Any CPU.ActiveCfg = Debug|Any CPU
		{F0842E3B-1F25-4D42-B25D-758B8FCBDCC3}.Debug|Any CPU.Build.0 = Debug|Any CPU
		{F0842E3B-1F25-4D42-B25D-758B8FCBDCC3}.Release|Any CPU.ActiveCfg = Release|Any CPU
		{F0842E3B-1F25-4D42-B25D-758B8FCBDCC3}.Release|Any CPU.Build.0 = Release|Any CPU
		{4192538D-5E42-4841-8C8F-6A2072808D41}.Debug|Any CPU.ActiveCfg = Debug|Any CPU
		{4192538D-5E42-4841-8C8F-6A2072808D41}.Debug|Any CPU.Build.0 = Debug|Any CPU
		{4192538D-5E42-4841-8C8F-6A2072808D41}.Release|Any CPU.ActiveCfg = Release|Any CPU
		{4192538D-5E42-4841-8C8F-6A2072808D41}.Release|Any CPU.Build.0 = Release|Any CPU
		{F0C8929B-718E-4360-85FF-520398DEA764}.Debug|Any CPU.ActiveCfg = Debug|Any CPU
		{F0C8929B-718E-4360-85FF-520398DEA764}.Debug|Any CPU.Build.0 = Debug|Any CPU
		{F0C8929B-718E-4360-85FF-520398DEA764}.Release|Any CPU.ActiveCfg = Release|Any CPU
		{F0C8929B-718E-4360-85FF-520398DEA764}.Release|Any CPU.Build.0 = Release|Any CPU
		{B2D19FB7-F317-4122-93B2-F13727CE490E}.Debug|Any CPU.ActiveCfg = Debug|Any CPU
		{B2D19FB7-F317-4122-93B2-F13727CE490E}.Debug|Any CPU.Build.0 = Debug|Any CPU
		{B2D19FB7-F317-4122-93B2-F13727CE490E}.Release|Any CPU.ActiveCfg = Release|Any CPU
		{B2D19FB7-F317-4122-93B2-F13727CE490E}.Release|Any CPU.Build.0 = Release|Any CPU
		{58D2349E-9C39-485E-861E-E337ACF186B6}.Debug|Any CPU.ActiveCfg = Debug|Any CPU
		{58D2349E-9C39-485E-861E-E337ACF186B6}.Debug|Any CPU.Build.0 = Debug|Any CPU
		{58D2349E-9C39-485E-861E-E337ACF186B6}.Release|Any CPU.ActiveCfg = Release|Any CPU
		{58D2349E-9C39-485E-861E-E337ACF186B6}.Release|Any CPU.Build.0 = Release|Any CPU
		{35457F8B-839A-42B5-9CAC-CDDEFC7B7515}.Debug|Any CPU.ActiveCfg = Debug|Any CPU
		{35457F8B-839A-42B5-9CAC-CDDEFC7B7515}.Debug|Any CPU.Build.0 = Debug|Any CPU
		{35457F8B-839A-42B5-9CAC-CDDEFC7B7515}.Release|Any CPU.ActiveCfg = Release|Any CPU
		{35457F8B-839A-42B5-9CAC-CDDEFC7B7515}.Release|Any CPU.Build.0 = Release|Any CPU
		{5097CBE8-DE7A-42B6-AC50-4070A3B56F68}.Debug|Any CPU.ActiveCfg = Debug|Any CPU
		{5097CBE8-DE7A-42B6-AC50-4070A3B56F68}.Debug|Any CPU.Build.0 = Debug|Any CPU
		{5097CBE8-DE7A-42B6-AC50-4070A3B56F68}.Release|Any CPU.ActiveCfg = Release|Any CPU
		{5097CBE8-DE7A-42B6-AC50-4070A3B56F68}.Release|Any CPU.Build.0 = Release|Any CPU
		{EF7DF07F-61C4-401B-99DD-C46E0BB11B58}.Debug|Any CPU.ActiveCfg = Debug|Any CPU
		{EF7DF07F-61C4-401B-99DD-C46E0BB11B58}.Debug|Any CPU.Build.0 = Debug|Any CPU
		{EF7DF07F-61C4-401B-99DD-C46E0BB11B58}.Release|Any CPU.ActiveCfg = Release|Any CPU
		{EF7DF07F-61C4-401B-99DD-C46E0BB11B58}.Release|Any CPU.Build.0 = Release|Any CPU
	EndGlobalSection
	GlobalSection(SolutionProperties) = preSolution
		HideSolutionNode = FALSE
	EndGlobalSection
	GlobalSection(NestedProjects) = preSolution
		{8BA2EA0C-2220-4390-A87C-79E96E40DFD0} = {3D4ACC8E-81CA-4738-AF65-557FA57CCF7A}
		{4192538D-5E42-4841-8C8F-6A2072808D41} = {3D4ACC8E-81CA-4738-AF65-557FA57CCF7A}
		{F0C8929B-718E-4360-85FF-520398DEA764} = {3D4ACC8E-81CA-4738-AF65-557FA57CCF7A}
		{B2D19FB7-F317-4122-93B2-F13727CE490E} = {3D4ACC8E-81CA-4738-AF65-557FA57CCF7A}
		{58D2349E-9C39-485E-861E-E337ACF186B6} = {3D4ACC8E-81CA-4738-AF65-557FA57CCF7A}
		{35457F8B-839A-42B5-9CAC-CDDEFC7B7515} = {3D4ACC8E-81CA-4738-AF65-557FA57CCF7A}
		{2FCA90C0-899D-436D-B9BD-895BDD049558} = {3D4ACC8E-81CA-4738-AF65-557FA57CCF7A}
		{4C4F2541-140C-47D6-B018-D2024F8CF4F0} = {7F2FB364-EDF3-4C43-B5F2-1388ADA4C9EB}
		{12029AA6-F05C-4DC6-B76E-C3798BCAC68D} = {A2581B83-5C10-4F25-A225-0EA00448352F}
		{F0842E3B-1F25-4D42-B25D-758B8FCBDCC3} = {A2581B83-5C10-4F25-A225-0EA00448352F}
		{5097CBE8-DE7A-42B6-AC50-4070A3B56F68} = {2FCA90C0-899D-436D-B9BD-895BDD049558}
		{EF7DF07F-61C4-401B-99DD-C46E0BB11B58} = {2FCA90C0-899D-436D-B9BD-895BDD049558}
	EndGlobalSection
EndGlobal
