
Microsoft Visual Studio Solution File, Format Version 11.00
# Visual Studio 2010
Project("{E24C65DC-7377-472B-9ABA-BC803B73C61A}") = "localhost", "http://localhost:19773", "{46B17FDD-3C51-4828-872A-5481DAC25474}"
	ProjectSection(WebsiteProperties) = preProject
		UseIISExpress = "true"
		TargetFrameworkMoniker = ".NETFramework,Version%3Dv4.0"
		Debug.AspNetCompiler.VirtualPath = "/Forum Skeleton"
		Debug.AspNetCompiler.PhysicalPath = "Forum Skeleton\"
		Debug.AspNetCompiler.TargetPath = "PrecompiledWeb\Forum Skeleton\"
		Debug.AspNetCompiler.Updateable = "true"
		Debug.AspNetCompiler.ForceOverwrite = "true"
		Debug.AspNetCompiler.FixedNames = "false"
		Debug.AspNetCompiler.Debug = "True"
		Release.AspNetCompiler.VirtualPath = "/Forum Skeleton"
		Release.AspNetCompiler.PhysicalPath = "Forum Skeleton\"
		Release.AspNetCompiler.TargetPath = "PrecompiledWeb\Forum Skeleton\"
		Release.AspNetCompiler.Updateable = "true"
		Release.AspNetCompiler.ForceOverwrite = "true"
		Release.AspNetCompiler.FixedNames = "false"
		Release.AspNetCompiler.Debug = "False"
		SlnRelativePath = "Forum Skeleton\"
	EndProjectSection
EndProject
Global
	GlobalSection(SolutionConfigurationPlatforms) = preSolution
		Debug|Any CPU = Debug|Any CPU
	EndGlobalSection
	GlobalSection(ProjectConfigurationPlatforms) = postSolution
		{46B17FDD-3C51-4828-872A-5481DAC25474}.Debug|Any CPU.ActiveCfg = Debug|Any CPU
		{46B17FDD-3C51-4828-872A-5481DAC25474}.Debug|Any CPU.Build.0 = Debug|Any CPU
	EndGlobalSection
	GlobalSection(SolutionProperties) = preSolution
		HideSolutionNode = FALSE
	EndGlobalSection
EndGlobal
